
Microsoft Visual Studio Solution File, Format Version 12.00
# Visual Studio Version 17
VisualStudioVersion = 17.5.002.0
MinimumVisualStudioVersion = 10.0.40219.1
Project("{9A19103F-16F7-4668-BE54-9A1E7A4F7556}") = "property", "property.csproj", "{2162C715-7304-4BE7-9C86-5354BE15511A}"
EndProject
Global
	GlobalSection(SolutionConfigurationPlatforms) = preSolution
		Debug|Any CPU = Debug|Any CPU
		Release|Any CPU = Release|Any CPU
	EndGlobalSection
	GlobalSection(ProjectConfigurationPlatforms) = postSolution
		{2162C715-7304-4BE7-9C86-5354BE15511A}.Debug|Any CPU.ActiveCfg = Debug|Any CPU
		{2162C715-7304-4BE7-9C86-5354BE15511A}.Debug|Any CPU.Build.0 = Debug|Any CPU
		{2162C715-7304-4BE7-9C86-5354BE15511A}.Release|Any CPU.ActiveCfg = Release|Any CPU
		{2162C715-7304-4BE7-9C86-5354BE15511A}.Release|Any CPU.Build.0 = Release|Any CPU
	EndGlobalSection
	GlobalSection(SolutionProperties) = preSolution
		HideSolutionNode = FALSE
	EndGlobalSection
	GlobalSection(ExtensibilityGlobals) = postSolution
		SolutionGuid = {A573464A-40CF-49CA-9915-626E887E5077}
	EndGlobalSection
EndGlobal
